
Microsoft Visual Studio Solution File, Format Version 12.00
# Visual Studio 15
VisualStudioVersion = 15.0.28307.1259
MinimumVisualStudioVersion = 10.0.40219.1
Project("{8BC9CEB8-8B4A-11D0-8D11-00A0C91BC942}") = "HW", "HW\HW.vcxproj", "{BF603A71-6A7B-4BE3-BABC-06F6ECEBA8B3}"
EndProject
Global
	GlobalSection(SolutionConfigurationPlatforms) = preSolution
		Debug|x64 = Debug|x64
		Debug|x86 = Debug|x86
		Release|x64 = Release|x64
		Release|x86 = Release|x86
	EndGlobalSection
	GlobalSection(ProjectConfigurationPlatforms) = postSolution
		{BF603A71-6A7B-4BE3-BABC-06F6ECEBA8B3}.Debug|x64.ActiveCfg = Debug|x64
		{BF603A71-6A7B-4BE3-BABC-06F6ECEBA8B3}.Debug|x64.Build.0 = Debug|x64
		{BF603A71-6A7B-4BE3-BABC-06F6ECEBA8B3}.Debug|x86.ActiveCfg = Debug|Win32
		{BF603A71-6A7B-4BE3-BABC-06F6ECEBA8B3}.Debug|x86.Build.0 = Debug|Win32
		{BF603A71-6A7B-4BE3-BABC-06F6ECEBA8B3}.Release|x64.ActiveCfg = Release|x64
		{BF603A71-6A7B-4BE3-BABC-06F6ECEBA8B3}.Release|x64.Build.0 = Release|x64
		{BF603A71-6A7B-4BE3-BABC-06F6ECEBA8B3}.Release|x86.ActiveCfg = Release|Win32
		{BF603A71-6A7B-4BE3-BABC-06F6ECEBA8B3}.Release|x86.Build.0 = Release|Win32
	EndGlobalSection
	GlobalSection(SolutionProperties) = preSolution
		HideSolutionNode = FALSE
	EndGlobalSection
	GlobalSection(ExtensibilityGlobals) = postSolution
		SolutionGuid = {326CAFB3-937D-4702-8D0E-AF41A729F58E}
	EndGlobalSection
EndGlobal
